
Microsoft Visual Studio Solution File, Format Version 12.00
# Visual Studio Version 17
VisualStudioVersion = 17.5.33530.505
MinimumVisualStudioVersion = 10.0.40219.1
Project("{FAE04EC0-301F-11D3-BF4B-00C04F79EFBC}") = "problem2_lab3", "problem2_lab3\problem2_lab3.csproj", "{E8A48EC8-E583-455D-8E92-C85D40305ED8}"
EndProject
Global
	GlobalSection(SolutionConfigurationPlatforms) = preSolution
		Debug|Any CPU = Debug|Any CPU
		Release|Any CPU = Release|Any CPU
	EndGlobalSection
	GlobalSection(ProjectConfigurationPlatforms) = postSolution
		{E8A48EC8-E583-455D-8E92-C85D40305ED8}.Debug|Any CPU.ActiveCfg = Debug|Any CPU
		{E8A48EC8-E583-455D-8E92-C85D40305ED8}.Debug|Any CPU.Build.0 = Debug|Any CPU
		{E8A48EC8-E583-455D-8E92-C85D40305ED8}.Release|Any CPU.ActiveCfg = Release|Any CPU
		{E8A48EC8-E583-455D-8E92-C85D40305ED8}.Release|Any CPU.Build.0 = Release|Any CPU
	EndGlobalSection
	GlobalSection(SolutionProperties) = preSolution
		HideSolutionNode = FALSE
	EndGlobalSection
	GlobalSection(ExtensibilityGlobals) = postSolution
		SolutionGuid = {70C7BCC4-57F1-4DAD-8BCC-964017DBA6D1}
	EndGlobalSection
EndGlobal
